
Microsoft Visual Studio Solution File, Format Version 12.00
# Visual Studio Version 16
VisualStudioVersion = 16.0.29709.97
MinimumVisualStudioVersion = 10.0.40219.1
Project("{FAE04EC0-301F-11D3-BF4B-00C04F79EFBC}") = "NETRedis", "NETRedis\NETRedis.csproj", "{DF167B11-B04A-4DFD-AB76-CD4612EB3533}"
EndProject
Global
	GlobalSection(SolutionConfigurationPlatforms) = preSolution
		Debug|Any CPU = Debug|Any CPU
		Release|Any CPU = Release|Any CPU
	EndGlobalSection
	GlobalSection(ProjectConfigurationPlatforms) = postSolution
		{DF167B11-B04A-4DFD-AB76-CD4612EB3533}.Debug|Any CPU.ActiveCfg = Debug|Any CPU
		{DF167B11-B04A-4DFD-AB76-CD4612EB3533}.Debug|Any CPU.Build.0 = Debug|Any CPU
		{DF167B11-B04A-4DFD-AB76-CD4612EB3533}.Release|Any CPU.ActiveCfg = Release|Any CPU
		{DF167B11-B04A-4DFD-AB76-CD4612EB3533}.Release|Any CPU.Build.0 = Release|Any CPU
	EndGlobalSection
	GlobalSection(SolutionProperties) = preSolution
		HideSolutionNode = FALSE
	EndGlobalSection
	GlobalSection(ExtensibilityGlobals) = postSolution
		SolutionGuid = {35088726-F0D7-42ED-8450-E45FF5101AA6}
	EndGlobalSection
EndGlobal
